
Microsoft Visual Studio Solution File, Format Version 12.00
# Visual Studio Version 16
VisualStudioVersion = 16.0.29418.71
MinimumVisualStudioVersion = 10.0.40219.1
Project("{FAE04EC0-301F-11D3-BF4B-00C04F79EFBC}") = "Netguru.Test", "Netguru\Netguru.Test.csproj", "{D45EF8E9-111F-4A62-B731-5DA79177A782}"
EndProject
Project("{FAE04EC0-301F-11D3-BF4B-00C04F79EFBC}") = "Netguru.Core", "Netguru.Core\Netguru.Core.csproj", "{565053A7-40F5-4003-9246-A8F96CA65009}"
EndProject
Global
	GlobalSection(SolutionConfigurationPlatforms) = preSolution
		Debug|Any CPU = Debug|Any CPU
		Release|Any CPU = Release|Any CPU
	EndGlobalSection
	GlobalSection(ProjectConfigurationPlatforms) = postSolution
		{D45EF8E9-111F-4A62-B731-5DA79177A782}.Debug|Any CPU.ActiveCfg = Debug|Any CPU
		{D45EF8E9-111F-4A62-B731-5DA79177A782}.Debug|Any CPU.Build.0 = Debug|Any CPU
		{D45EF8E9-111F-4A62-B731-5DA79177A782}.Release|Any CPU.ActiveCfg = Release|Any CPU
		{D45EF8E9-111F-4A62-B731-5DA79177A782}.Release|Any CPU.Build.0 = Release|Any CPU
		{565053A7-40F5-4003-9246-A8F96CA65009}.Debug|Any CPU.ActiveCfg = Debug|Any CPU
		{565053A7-40F5-4003-9246-A8F96CA65009}.Debug|Any CPU.Build.0 = Debug|Any CPU
		{565053A7-40F5-4003-9246-A8F96CA65009}.Release|Any CPU.ActiveCfg = Release|Any CPU
		{565053A7-40F5-4003-9246-A8F96CA65009}.Release|Any CPU.Build.0 = Release|Any CPU
	EndGlobalSection
	GlobalSection(SolutionProperties) = preSolution
		HideSolutionNode = FALSE
	EndGlobalSection
	GlobalSection(ExtensibilityGlobals) = postSolution
		SolutionGuid = {85AF1B33-7904-42E8-B82F-844BD46D9BBA}
	EndGlobalSection
EndGlobal
